
Microsoft Visual Studio Solution File, Format Version 12.00
# Visual Studio Version 17
VisualStudioVersion = 17.14.36327.8
MinimumVisualStudioVersion = 10.0.40219.1
Project("{2150E333-8FDC-42A3-9474-1A3956D46DE8}") = "Shared", "Shared", "{02EA681E-C7D8-13C7-8484-4AC65E1B71E8}"
EndProject
Project("{FAE04EC0-301F-11D3-BF4B-00C04F79EFBC}") = "Core.AuditTrail", "YastaCoin\Shared\Core.AuditTrail\Core.AuditTrail.csproj", "{7939CF4E-0AB4-F013-DBA7-29D2C66BE730}"
EndProject
Project("{FAE04EC0-301F-11D3-BF4B-00C04F79EFBC}") = "Core.Domain", "YastaCoin\Shared\Core.Domain\Core.Domain.csproj", "{D95A20E7-5B25-127B-3143-2554D70C4A23}"
EndProject
Project("{FAE04EC0-301F-11D3-BF4B-00C04F79EFBC}") = "Core.Infrastructure", "YastaCoin\Shared\Core.Infrastructure\Core.Infrastructure.csproj", "{014397CC-4E6E-61AF-5CB9-A497EC692605}"
EndProject
Project("{FAE04EC0-301F-11D3-BF4B-00C04F79EFBC}") = "Core.ShareKernel", "YastaCoin\Shared\Core.ShareKernel\Core.ShareKernel.csproj", "{23BFC291-5927-97FF-178F-27D7A6931973}"
EndProject
Project("{2150E333-8FDC-42A3-9474-1A3956D46DE8}") = "Microservices", "Microservices", "{A1B2C3D4-1111-2222-3333-444455556666}"
EndProject
Project("{2150E333-8FDC-42A3-9474-1A3956D46DE8}") = "Coin", "Coin", "{B2C3D4E5-1111-2222-3333-444455556666}"
EndProject
Project("{2150E333-8FDC-42A3-9474-1A3956D46DE8}") = "Tests", "Tests", "{C3D4E5F6-1111-2222-3333-444455556666}"
EndProject
Project("{FAE04EC0-301F-11D3-BF4B-00C04F79EFBC}") = "Coin.Domain", "Microservices\Coin\Coin.Domain\Coin.Domain.csproj", "{D4E5F6A7-1111-2222-3333-444455556666}"
EndProject
Project("{FAE04EC0-301F-11D3-BF4B-00C04F79EFBC}") = "Coin.Infrastructure", "Microservices\Coin\Coin.Infrastructure\Coin.Infrastructure.csproj", "{E5F6A7B8-1111-2222-3333-444455556666}"
EndProject
Project("{FAE04EC0-301F-11D3-BF4B-00C04F79EFBC}") = "Coin.Application", "Microservices\Coin\Coin.Application\Coin.Application.csproj", "{F6A7B8C9-1111-2222-3333-444455556666}"
EndProject
Project("{FAE04EC0-301F-11D3-BF4B-00C04F79EFBC}") = "Coin.Api", "Microservices\Coin\Coin.Api\Coin.Api.csproj", "{A7B8C9D0-1111-2222-3333-444455556666}"
EndProject
Project("{FAE04EC0-301F-11D3-BF4B-00C04F79EFBC}") = "Coin.Unit.Tests", "Microservices\Coin\Tests\Coin.Unit.Tests\Coin.Unit.Tests.csproj", "{B8C9D0E1-1111-2222-3333-444455556666}"
EndProject
Project("{2150E333-8FDC-42A3-9474-1A3956D46DE8}") = "Commerce", "Commerce", "{787C0B99-1338-026F-1A8E-40CD444449AB}"
EndProject
Project("{FAE04EC0-301F-11D3-BF4B-00C04F79EFBC}") = "Commerce.Domain", "Microservices\Commerce\Commerce.Domain\Commerce.Domain.csproj", "{56BF4FD4-F0E3-4741-B6F4-32D53B0EF765}"
EndProject
Project("{FAE04EC0-301F-11D3-BF4B-00C04F79EFBC}") = "Commerce.Infrastructure", "Microservices\Commerce\Commerce.Infrastructure\Commerce.Infrastructure.csproj", "{2B3CAED2-49E0-4EB4-99B7-81064F7C1A32}"
EndProject
Project("{FAE04EC0-301F-11D3-BF4B-00C04F79EFBC}") = "Commerce.Application", "Microservices\Commerce\Commerce.Application\Commerce.Application.csproj", "{D42E1246-67FC-4FB2-ACB9-6DAAA7804D89}"
EndProject
Project("{FAE04EC0-301F-11D3-BF4B-00C04F79EFBC}") = "Commerce.Api", "Microservices\Commerce\Commerce.Api\Commerce.Api.csproj", "{B66521D3-FE15-4CE0-8D3C-0DEF5FD9393B}"
EndProject
Project("{2150E333-8FDC-42A3-9474-1A3956D46DE8}") = "Tests", "Tests", "{87E48AB5-ED31-050A-F204-C0B45A8C615C}"
EndProject
Project("{FAE04EC0-301F-11D3-BF4B-00C04F79EFBC}") = "Commerce.Unit.Tests", "Microservices\Commerce\Tests\Commerce.Unit.Tests\Commerce.Unit.Tests.csproj", "{D407C508-B334-4C09-B0EE-0A069BB7A50C}"
EndProject
Project("{2150E333-8FDC-42A3-9474-1A3956D46DE8}") = "Qr", "Qr", "{0802D37B-AC91-4FC3-BD81-9C736C139CDE}"
EndProject
Project("{FAE04EC0-301F-11D3-BF4B-00C04F79EFBC}") = "Qr.Domain", "Microservices\Qr\Qr.Domain\Qr.Domain.csproj", "{826BB8CF-E7B3-4FB8-82ED-E4A1F4DB050D}"
EndProject
Project("{FAE04EC0-301F-11D3-BF4B-00C04F79EFBC}") = "Qr.Infrastructure", "Microservices\Qr\Qr.Infrastructure\Qr.Infrastructure.csproj", "{8545FDD7-B3B6-4CD7-86A3-4DCDF9D0C823}"
EndProject
Project("{FAE04EC0-301F-11D3-BF4B-00C04F79EFBC}") = "Qr.Application", "Microservices\Qr\Qr.Application\Qr.Application.csproj", "{66CB45C9-015B-4F59-8053-D7A5F5CE0830}"
EndProject
Project("{FAE04EC0-301F-11D3-BF4B-00C04F79EFBC}") = "Qr.Api", "Microservices\Qr\Qr.Api\Qr.Api.csproj", "{CE572F19-BE5D-4335-8BD0-8BD692589627}"
EndProject
Project("{2150E333-8FDC-42A3-9474-1A3956D46DE8}") = "Tests", "Tests", "{CFC019E4-63B6-4E4A-B45E-3B42BCC7179E}"
EndProject
Project("{FAE04EC0-301F-11D3-BF4B-00C04F79EFBC}") = "Qr.Unit.Tests", "Microservices\Qr\Tests\Qr.Unit.Tests\Qr.Unit.Tests.csproj", "{54FC662A-5656-4194-A6FC-79D70C7948BC}"
EndProject
Global
	GlobalSection(SolutionConfigurationPlatforms) = preSolution
		Debug|Any CPU = Debug|Any CPU
		Debug|x64 = Debug|x64
		Debug|x86 = Debug|x86
		Release|Any CPU = Release|Any CPU
		Release|x64 = Release|x64
		Release|x86 = Release|x86
	EndGlobalSection
	GlobalSection(ProjectConfigurationPlatforms) = postSolution
		{7939CF4E-0AB4-F013-DBA7-29D2C66BE730}.Debug|Any CPU.ActiveCfg = Debug|Any CPU
		{7939CF4E-0AB4-F013-DBA7-29D2C66BE730}.Debug|Any CPU.Build.0 = Debug|Any CPU
		{7939CF4E-0AB4-F013-DBA7-29D2C66BE730}.Debug|x64.ActiveCfg = Debug|Any CPU
		{7939CF4E-0AB4-F013-DBA7-29D2C66BE730}.Debug|x64.Build.0 = Debug|Any CPU
		{7939CF4E-0AB4-F013-DBA7-29D2C66BE730}.Debug|x86.ActiveCfg = Debug|Any CPU
		{7939CF4E-0AB4-F013-DBA7-29D2C66BE730}.Debug|x86.Build.0 = Debug|Any CPU
		{7939CF4E-0AB4-F013-DBA7-29D2C66BE730}.Release|Any CPU.ActiveCfg = Release|Any CPU
		{7939CF4E-0AB4-F013-DBA7-29D2C66BE730}.Release|Any CPU.Build.0 = Release|Any CPU
		{7939CF4E-0AB4-F013-DBA7-29D2C66BE730}.Release|x64.ActiveCfg = Release|Any CPU
		{7939CF4E-0AB4-F013-DBA7-29D2C66BE730}.Release|x64.Build.0 = Release|Any CPU
		{7939CF4E-0AB4-F013-DBA7-29D2C66BE730}.Release|x86.ActiveCfg = Release|Any CPU
		{7939CF4E-0AB4-F013-DBA7-29D2C66BE730}.Release|x86.Build.0 = Release|Any CPU
		{D95A20E7-5B25-127B-3143-2554D70C4A23}.Debug|Any CPU.ActiveCfg = Debug|Any CPU
		{D95A20E7-5B25-127B-3143-2554D70C4A23}.Debug|Any CPU.Build.0 = Debug|Any CPU
		{D95A20E7-5B25-127B-3143-2554D70C4A23}.Debug|x64.ActiveCfg = Debug|Any CPU
		{D95A20E7-5B25-127B-3143-2554D70C4A23}.Debug|x64.Build.0 = Debug|Any CPU
		{D95A20E7-5B25-127B-3143-2554D70C4A23}.Debug|x86.ActiveCfg = Debug|Any CPU
		{D95A20E7-5B25-127B-3143-2554D70C4A23}.Debug|x86.Build.0 = Debug|Any CPU
		{D95A20E7-5B25-127B-3143-2554D70C4A23}.Release|Any CPU.ActiveCfg = Release|Any CPU
		{D95A20E7-5B25-127B-3143-2554D70C4A23}.Release|Any CPU.Build.0 = Release|Any CPU
		{D95A20E7-5B25-127B-3143-2554D70C4A23}.Release|x64.ActiveCfg = Release|Any CPU
		{D95A20E7-5B25-127B-3143-2554D70C4A23}.Release|x64.Build.0 = Release|Any CPU
		{D95A20E7-5B25-127B-3143-2554D70C4A23}.Release|x86.ActiveCfg = Release|Any CPU
		{D95A20E7-5B25-127B-3143-2554D70C4A23}.Release|x86.Build.0 = Release|Any CPU
		{014397CC-4E6E-61AF-5CB9-A497EC692605}.Debug|Any CPU.ActiveCfg = Debug|Any CPU
		{014397CC-4E6E-61AF-5CB9-A497EC692605}.Debug|Any CPU.Build.0 = Debug|Any CPU
		{014397CC-4E6E-61AF-5CB9-A497EC692605}.Debug|x64.ActiveCfg = Debug|Any CPU
		{014397CC-4E6E-61AF-5CB9-A497EC692605}.Debug|x64.Build.0 = Debug|Any CPU
		{014397CC-4E6E-61AF-5CB9-A497EC692605}.Debug|x86.ActiveCfg = Debug|Any CPU
		{014397CC-4E6E-61AF-5CB9-A497EC692605}.Debug|x86.Build.0 = Debug|Any CPU
		{014397CC-4E6E-61AF-5CB9-A497EC692605}.Release|Any CPU.ActiveCfg = Release|Any CPU
		{014397CC-4E6E-61AF-5CB9-A497EC692605}.Release|Any CPU.Build.0 = Release|Any CPU
		{014397CC-4E6E-61AF-5CB9-A497EC692605}.Release|x64.ActiveCfg = Release|Any CPU
		{014397CC-4E6E-61AF-5CB9-A497EC692605}.Release|x64.Build.0 = Release|Any CPU
		{014397CC-4E6E-61AF-5CB9-A497EC692605}.Release|x86.ActiveCfg = Release|Any CPU
		{014397CC-4E6E-61AF-5CB9-A497EC692605}.Release|x86.Build.0 = Release|Any CPU
		{23BFC291-5927-97FF-178F-27D7A6931973}.Debug|Any CPU.ActiveCfg = Debug|Any CPU
		{23BFC291-5927-97FF-178F-27D7A6931973}.Debug|Any CPU.Build.0 = Debug|Any CPU
		{23BFC291-5927-97FF-178F-27D7A6931973}.Debug|x64.ActiveCfg = Debug|Any CPU
		{23BFC291-5927-97FF-178F-27D7A6931973}.Debug|x64.Build.0 = Debug|Any CPU
		{23BFC291-5927-97FF-178F-27D7A6931973}.Debug|x86.ActiveCfg = Debug|Any CPU
		{23BFC291-5927-97FF-178F-27D7A6931973}.Debug|x86.Build.0 = Debug|Any CPU
		{23BFC291-5927-97FF-178F-27D7A6931973}.Release|Any CPU.ActiveCfg = Release|Any CPU
		{23BFC291-5927-97FF-178F-27D7A6931973}.Release|Any CPU.Build.0 = Release|Any CPU
		{23BFC291-5927-97FF-178F-27D7A6931973}.Release|x64.ActiveCfg = Release|Any CPU
		{23BFC291-5927-97FF-178F-27D7A6931973}.Release|x64.Build.0 = Release|Any CPU
		{23BFC291-5927-97FF-178F-27D7A6931973}.Release|x86.ActiveCfg = Release|Any CPU
		{23BFC291-5927-97FF-178F-27D7A6931973}.Release|x86.Build.0 = Release|Any CPU
		{D4E5F6A7-1111-2222-3333-444455556666}.Debug|Any CPU.ActiveCfg = Debug|Any CPU
		{D4E5F6A7-1111-2222-3333-444455556666}.Debug|Any CPU.Build.0 = Debug|Any CPU
		{D4E5F6A7-1111-2222-3333-444455556666}.Debug|x64.ActiveCfg = Debug|Any CPU
		{D4E5F6A7-1111-2222-3333-444455556666}.Debug|x64.Build.0 = Debug|Any CPU
		{D4E5F6A7-1111-2222-3333-444455556666}.Debug|x86.ActiveCfg = Debug|Any CPU
		{D4E5F6A7-1111-2222-3333-444455556666}.Debug|x86.Build.0 = Debug|Any CPU
		{D4E5F6A7-1111-2222-3333-444455556666}.Release|Any CPU.ActiveCfg = Release|Any CPU
		{D4E5F6A7-1111-2222-3333-444455556666}.Release|Any CPU.Build.0 = Release|Any CPU
		{D4E5F6A7-1111-2222-3333-444455556666}.Release|x64.ActiveCfg = Release|Any CPU
		{D4E5F6A7-1111-2222-3333-444455556666}.Release|x64.Build.0 = Release|Any CPU
		{D4E5F6A7-1111-2222-3333-444455556666}.Release|x86.ActiveCfg = Release|Any CPU
		{D4E5F6A7-1111-2222-3333-444455556666}.Release|x86.Build.0 = Release|Any CPU
		{E5F6A7B8-1111-2222-3333-444455556666}.Debug|Any CPU.ActiveCfg = Debug|Any CPU
		{E5F6A7B8-1111-2222-3333-444455556666}.Debug|Any CPU.Build.0 = Debug|Any CPU
		{E5F6A7B8-1111-2222-3333-444455556666}.Debug|x64.ActiveCfg = Debug|Any CPU
		{E5F6A7B8-1111-2222-3333-444455556666}.Debug|x64.Build.0 = Debug|Any CPU
		{E5F6A7B8-1111-2222-3333-444455556666}.Debug|x86.ActiveCfg = Debug|Any CPU
		{E5F6A7B8-1111-2222-3333-444455556666}.Debug|x86.Build.0 = Debug|Any CPU
		{E5F6A7B8-1111-2222-3333-444455556666}.Release|Any CPU.ActiveCfg = Release|Any CPU
		{E5F6A7B8-1111-2222-3333-444455556666}.Release|Any CPU.Build.0 = Release|Any CPU
		{E5F6A7B8-1111-2222-3333-444455556666}.Release|x64.ActiveCfg = Release|Any CPU
		{E5F6A7B8-1111-2222-3333-444455556666}.Release|x64.Build.0 = Release|Any CPU
		{E5F6A7B8-1111-2222-3333-444455556666}.Release|x86.ActiveCfg = Release|Any CPU
		{E5F6A7B8-1111-2222-3333-444455556666}.Release|x86.Build.0 = Release|Any CPU
		{F6A7B8C9-1111-2222-3333-444455556666}.Debug|Any CPU.ActiveCfg = Debug|Any CPU
		{F6A7B8C9-1111-2222-3333-444455556666}.Debug|Any CPU.Build.0 = Debug|Any CPU
		{F6A7B8C9-1111-2222-3333-444455556666}.Debug|x64.ActiveCfg = Debug|Any CPU
		{F6A7B8C9-1111-2222-3333-444455556666}.Debug|x64.Build.0 = Debug|Any CPU
		{F6A7B8C9-1111-2222-3333-444455556666}.Debug|x86.ActiveCfg = Debug|Any CPU
		{F6A7B8C9-1111-2222-3333-444455556666}.Debug|x86.Build.0 = Debug|Any CPU
		{F6A7B8C9-1111-2222-3333-444455556666}.Release|Any CPU.ActiveCfg = Release|Any CPU
		{F6A7B8C9-1111-2222-3333-444455556666}.Release|Any CPU.Build.0 = Release|Any CPU
		{F6A7B8C9-1111-2222-3333-444455556666}.Release|x64.ActiveCfg = Release|Any CPU
		{F6A7B8C9-1111-2222-3333-444455556666}.Release|x64.Build.0 = Release|Any CPU
		{F6A7B8C9-1111-2222-3333-444455556666}.Release|x86.ActiveCfg = Release|Any CPU
		{F6A7B8C9-1111-2222-3333-444455556666}.Release|x86.Build.0 = Release|Any CPU
		{A7B8C9D0-1111-2222-3333-444455556666}.Debug|Any CPU.ActiveCfg = Debug|Any CPU
		{A7B8C9D0-1111-2222-3333-444455556666}.Debug|Any CPU.Build.0 = Debug|Any CPU
		{A7B8C9D0-1111-2222-3333-444455556666}.Debug|x64.ActiveCfg = Debug|Any CPU
		{A7B8C9D0-1111-2222-3333-444455556666}.Debug|x64.Build.0 = Debug|Any CPU
		{A7B8C9D0-1111-2222-3333-444455556666}.Debug|x86.ActiveCfg = Debug|Any CPU
		{A7B8C9D0-1111-2222-3333-444455556666}.Debug|x86.Build.0 = Debug|Any CPU
		{A7B8C9D0-1111-2222-3333-444455556666}.Release|Any CPU.ActiveCfg = Release|Any CPU
		{A7B8C9D0-1111-2222-3333-444455556666}.Release|Any CPU.Build.0 = Release|Any CPU
		{A7B8C9D0-1111-2222-3333-444455556666}.Release|x64.ActiveCfg = Release|Any CPU
		{A7B8C9D0-1111-2222-3333-444455556666}.Release|x64.Build.0 = Release|Any CPU
		{A7B8C9D0-1111-2222-3333-444455556666}.Release|x86.ActiveCfg = Release|Any CPU
		{A7B8C9D0-1111-2222-3333-444455556666}.Release|x86.Build.0 = Release|Any CPU
		{B8C9D0E1-1111-2222-3333-444455556666}.Debug|Any CPU.ActiveCfg = Debug|Any CPU
		{B8C9D0E1-1111-2222-3333-444455556666}.Debug|Any CPU.Build.0 = Debug|Any CPU
		{B8C9D0E1-1111-2222-3333-444455556666}.Debug|x64.ActiveCfg = Debug|Any CPU
		{B8C9D0E1-1111-2222-3333-444455556666}.Debug|x64.Build.0 = Debug|Any CPU
		{B8C9D0E1-1111-2222-3333-444455556666}.Debug|x86.ActiveCfg = Debug|Any CPU
		{B8C9D0E1-1111-2222-3333-444455556666}.Debug|x86.Build.0 = Debug|Any CPU
		{B8C9D0E1-1111-2222-3333-444455556666}.Release|Any CPU.ActiveCfg = Release|Any CPU
		{B8C9D0E1-1111-2222-3333-444455556666}.Release|Any CPU.Build.0 = Release|Any CPU
		{B8C9D0E1-1111-2222-3333-444455556666}.Release|x64.ActiveCfg = Release|Any CPU
		{B8C9D0E1-1111-2222-3333-444455556666}.Release|x64.Build.0 = Release|Any CPU
		{B8C9D0E1-1111-2222-3333-444455556666}.Release|x86.ActiveCfg = Release|Any CPU
		{B8C9D0E1-1111-2222-3333-444455556666}.Release|x86.Build.0 = Release|Any CPU
		{56BF4FD4-F0E3-4741-B6F4-32D53B0EF765}.Debug|Any CPU.ActiveCfg = Debug|Any CPU
		{56BF4FD4-F0E3-4741-B6F4-32D53B0EF765}.Debug|Any CPU.Build.0 = Debug|Any CPU
		{56BF4FD4-F0E3-4741-B6F4-32D53B0EF765}.Debug|x64.ActiveCfg = Debug|Any CPU
		{56BF4FD4-F0E3-4741-B6F4-32D53B0EF765}.Debug|x64.Build.0 = Debug|Any CPU
		{56BF4FD4-F0E3-4741-B6F4-32D53B0EF765}.Debug|x86.ActiveCfg = Debug|Any CPU
		{56BF4FD4-F0E3-4741-B6F4-32D53B0EF765}.Debug|x86.Build.0 = Debug|Any CPU
		{56BF4FD4-F0E3-4741-B6F4-32D53B0EF765}.Release|Any CPU.ActiveCfg = Release|Any CPU
		{56BF4FD4-F0E3-4741-B6F4-32D53B0EF765}.Release|Any CPU.Build.0 = Release|Any CPU
		{56BF4FD4-F0E3-4741-B6F4-32D53B0EF765}.Release|x64.ActiveCfg = Release|Any CPU
		{56BF4FD4-F0E3-4741-B6F4-32D53B0EF765}.Release|x64.Build.0 = Release|Any CPU
		{56BF4FD4-F0E3-4741-B6F4-32D53B0EF765}.Release|x86.ActiveCfg = Release|Any CPU
		{56BF4FD4-F0E3-4741-B6F4-32D53B0EF765}.Release|x86.Build.0 = Release|Any CPU
		{2B3CAED2-49E0-4EB4-99B7-81064F7C1A32}.Debug|Any CPU.ActiveCfg = Debug|Any CPU
		{2B3CAED2-49E0-4EB4-99B7-81064F7C1A32}.Debug|Any CPU.Build.0 = Debug|Any CPU
		{2B3CAED2-49E0-4EB4-99B7-81064F7C1A32}.Debug|x64.ActiveCfg = Debug|Any CPU
		{2B3CAED2-49E0-4EB4-99B7-81064F7C1A32}.Debug|x64.Build.0 = Debug|Any CPU
		{2B3CAED2-49E0-4EB4-99B7-81064F7C1A32}.Debug|x86.ActiveCfg = Debug|Any CPU
		{2B3CAED2-49E0-4EB4-99B7-81064F7C1A32}.Debug|x86.Build.0 = Debug|Any CPU
		{2B3CAED2-49E0-4EB4-99B7-81064F7C1A32}.Release|Any CPU.ActiveCfg = Release|Any CPU
		{2B3CAED2-49E0-4EB4-99B7-81064F7C1A32}.Release|Any CPU.Build.0 = Release|Any CPU
		{2B3CAED2-49E0-4EB4-99B7-81064F7C1A32}.Release|x64.ActiveCfg = Release|Any CPU
		{2B3CAED2-49E0-4EB4-99B7-81064F7C1A32}.Release|x64.Build.0 = Release|Any CPU
		{2B3CAED2-49E0-4EB4-99B7-81064F7C1A32}.Release|x86.ActiveCfg = Release|Any CPU
		{2B3CAED2-49E0-4EB4-99B7-81064F7C1A32}.Release|x86.Build.0 = Release|Any CPU
		{D42E1246-67FC-4FB2-ACB9-6DAAA7804D89}.Debug|Any CPU.ActiveCfg = Debug|Any CPU
		{D42E1246-67FC-4FB2-ACB9-6DAAA7804D89}.Debug|Any CPU.Build.0 = Debug|Any CPU
		{D42E1246-67FC-4FB2-ACB9-6DAAA7804D89}.Debug|x64.ActiveCfg = Debug|Any CPU
		{D42E1246-67FC-4FB2-ACB9-6DAAA7804D89}.Debug|x64.Build.0 = Debug|Any CPU
		{D42E1246-67FC-4FB2-ACB9-6DAAA7804D89}.Debug|x86.ActiveCfg = Debug|Any CPU
		{D42E1246-67FC-4FB2-ACB9-6DAAA7804D89}.Debug|x86.Build.0 = Debug|Any CPU
		{D42E1246-67FC-4FB2-ACB9-6DAAA7804D89}.Release|Any CPU.ActiveCfg = Release|Any CPU
		{D42E1246-67FC-4FB2-ACB9-6DAAA7804D89}.Release|Any CPU.Build.0 = Release|Any CPU
		{D42E1246-67FC-4FB2-ACB9-6DAAA7804D89}.Release|x64.ActiveCfg = Release|Any CPU
		{D42E1246-67FC-4FB2-ACB9-6DAAA7804D89}.Release|x64.Build.0 = Release|Any CPU
		{D42E1246-67FC-4FB2-ACB9-6DAAA7804D89}.Release|x86.ActiveCfg = Release|Any CPU
		{D42E1246-67FC-4FB2-ACB9-6DAAA7804D89}.Release|x86.Build.0 = Release|Any CPU
		{B66521D3-FE15-4CE0-8D3C-0DEF5FD9393B}.Debug|Any CPU.ActiveCfg = Debug|Any CPU
		{B66521D3-FE15-4CE0-8D3C-0DEF5FD9393B}.Debug|Any CPU.Build.0 = Debug|Any CPU
		{B66521D3-FE15-4CE0-8D3C-0DEF5FD9393B}.Debug|x64.ActiveCfg = Debug|Any CPU
		{B66521D3-FE15-4CE0-8D3C-0DEF5FD9393B}.Debug|x64.Build.0 = Debug|Any CPU
		{B66521D3-FE15-4CE0-8D3C-0DEF5FD9393B}.Debug|x86.ActiveCfg = Debug|Any CPU
		{B66521D3-FE15-4CE0-8D3C-0DEF5FD9393B}.Debug|x86.Build.0 = Debug|Any CPU
		{B66521D3-FE15-4CE0-8D3C-0DEF5FD9393B}.Release|Any CPU.ActiveCfg = Release|Any CPU
		{B66521D3-FE15-4CE0-8D3C-0DEF5FD9393B}.Release|Any CPU.Build.0 = Release|Any CPU
		{B66521D3-FE15-4CE0-8D3C-0DEF5FD9393B}.Release|x64.ActiveCfg = Release|Any CPU
		{B66521D3-FE15-4CE0-8D3C-0DEF5FD9393B}.Release|x64.Build.0 = Release|Any CPU
		{B66521D3-FE15-4CE0-8D3C-0DEF5FD9393B}.Release|x86.ActiveCfg = Release|Any CPU
		{B66521D3-FE15-4CE0-8D3C-0DEF5FD9393B}.Release|x86.Build.0 = Release|Any CPU
		{D407C508-B334-4C09-B0EE-0A069BB7A50C}.Debug|Any CPU.ActiveCfg = Debug|Any CPU
		{D407C508-B334-4C09-B0EE-0A069BB7A50C}.Debug|Any CPU.Build.0 = Debug|Any CPU
		{D407C508-B334-4C09-B0EE-0A069BB7A50C}.Debug|x64.ActiveCfg = Debug|Any CPU
		{D407C508-B334-4C09-B0EE-0A069BB7A50C}.Debug|x64.Build.0 = Debug|Any CPU
		{D407C508-B334-4C09-B0EE-0A069BB7A50C}.Debug|x86.ActiveCfg = Debug|Any CPU
		{D407C508-B334-4C09-B0EE-0A069BB7A50C}.Debug|x86.Build.0 = Debug|Any CPU
		{D407C508-B334-4C09-B0EE-0A069BB7A50C}.Release|Any CPU.ActiveCfg = Release|Any CPU
		{D407C508-B334-4C09-B0EE-0A069BB7A50C}.Release|Any CPU.Build.0 = Release|Any CPU
		{D407C508-B334-4C09-B0EE-0A069BB7A50C}.Release|x64.ActiveCfg = Release|Any CPU
		{D407C508-B334-4C09-B0EE-0A069BB7A50C}.Release|x64.Build.0 = Release|Any CPU
		{D407C508-B334-4C09-B0EE-0A069BB7A50C}.Release|x86.ActiveCfg = Release|Any CPU
		{D407C508-B334-4C09-B0EE-0A069BB7A50C}.Release|x86.Build.0 = Release|Any CPU
		{826BB8CF-E7B3-4FB8-82ED-E4A1F4DB050D}.Debug|Any CPU.ActiveCfg = Debug|Any CPU
		{826BB8CF-E7B3-4FB8-82ED-E4A1F4DB050D}.Debug|Any CPU.Build.0 = Debug|Any CPU
		{826BB8CF-E7B3-4FB8-82ED-E4A1F4DB050D}.Debug|x64.ActiveCfg = Debug|Any CPU
		{826BB8CF-E7B3-4FB8-82ED-E4A1F4DB050D}.Debug|x64.Build.0 = Debug|Any CPU
		{826BB8CF-E7B3-4FB8-82ED-E4A1F4DB050D}.Debug|x86.ActiveCfg = Debug|Any CPU
		{826BB8CF-E7B3-4FB8-82ED-E4A1F4DB050D}.Debug|x86.Build.0 = Debug|Any CPU
		{826BB8CF-E7B3-4FB8-82ED-E4A1F4DB050D}.Release|Any CPU.ActiveCfg = Release|Any CPU
		{826BB8CF-E7B3-4FB8-82ED-E4A1F4DB050D}.Release|Any CPU.Build.0 = Release|Any CPU
		{826BB8CF-E7B3-4FB8-82ED-E4A1F4DB050D}.Release|x64.ActiveCfg = Release|Any CPU
		{826BB8CF-E7B3-4FB8-82ED-E4A1F4DB050D}.Release|x64.Build.0 = Release|Any CPU
		{826BB8CF-E7B3-4FB8-82ED-E4A1F4DB050D}.Release|x86.ActiveCfg = Release|Any CPU
		{826BB8CF-E7B3-4FB8-82ED-E4A1F4DB050D}.Release|x86.Build.0 = Release|Any CPU
		{8545FDD7-B3B6-4CD7-86A3-4DCDF9D0C823}.Debug|Any CPU.ActiveCfg = Debug|Any CPU
		{8545FDD7-B3B6-4CD7-86A3-4DCDF9D0C823}.Debug|Any CPU.Build.0 = Debug|Any CPU
		{8545FDD7-B3B6-4CD7-86A3-4DCDF9D0C823}.Debug|x64.ActiveCfg = Debug|Any CPU
		{8545FDD7-B3B6-4CD7-86A3-4DCDF9D0C823}.Debug|x64.Build.0 = Debug|Any CPU
		{8545FDD7-B3B6-4CD7-86A3-4DCDF9D0C823}.Debug|x86.ActiveCfg = Debug|Any CPU
		{8545FDD7-B3B6-4CD7-86A3-4DCDF9D0C823}.Debug|x86.Build.0 = Debug|Any CPU
		{8545FDD7-B3B6-4CD7-86A3-4DCDF9D0C823}.Release|Any CPU.ActiveCfg = Release|Any CPU
		{8545FDD7-B3B6-4CD7-86A3-4DCDF9D0C823}.Release|Any CPU.Build.0 = Release|Any CPU
		{8545FDD7-B3B6-4CD7-86A3-4DCDF9D0C823}.Release|x64.ActiveCfg = Release|Any CPU
		{8545FDD7-B3B6-4CD7-86A3-4DCDF9D0C823}.Release|x64.Build.0 = Release|Any CPU
		{8545FDD7-B3B6-4CD7-86A3-4DCDF9D0C823}.Release|x86.ActiveCfg = Release|Any CPU
		{8545FDD7-B3B6-4CD7-86A3-4DCDF9D0C823}.Release|x86.Build.0 = Release|Any CPU
		{66CB45C9-015B-4F59-8053-D7A5F5CE0830}.Debug|Any CPU.ActiveCfg = Debug|Any CPU
		{66CB45C9-015B-4F59-8053-D7A5F5CE0830}.Debug|Any CPU.Build.0 = Debug|Any CPU
		{66CB45C9-015B-4F59-8053-D7A5F5CE0830}.Debug|x64.ActiveCfg = Debug|Any CPU
		{66CB45C9-015B-4F59-8053-D7A5F5CE0830}.Debug|x64.Build.0 = Debug|Any CPU
		{66CB45C9-015B-4F59-8053-D7A5F5CE0830}.Debug|x86.ActiveCfg = Debug|Any CPU
		{66CB45C9-015B-4F59-8053-D7A5F5CE0830}.Debug|x86.Build.0 = Debug|Any CPU
		{66CB45C9-015B-4F59-8053-D7A5F5CE0830}.Release|Any CPU.ActiveCfg = Release|Any CPU
		{66CB45C9-015B-4F59-8053-D7A5F5CE0830}.Release|Any CPU.Build.0 = Release|Any CPU
		{66CB45C9-015B-4F59-8053-D7A5F5CE0830}.Release|x64.ActiveCfg = Release|Any CPU
		{66CB45C9-015B-4F59-8053-D7A5F5CE0830}.Release|x64.Build.0 = Release|Any CPU
		{66CB45C9-015B-4F59-8053-D7A5F5CE0830}.Release|x86.ActiveCfg = Release|Any CPU
		{66CB45C9-015B-4F59-8053-D7A5F5CE0830}.Release|x86.Build.0 = Release|Any CPU
		{CE572F19-BE5D-4335-8BD0-8BD692589627}.Debug|Any CPU.ActiveCfg = Debug|Any CPU
		{CE572F19-BE5D-4335-8BD0-8BD692589627}.Debug|Any CPU.Build.0 = Debug|Any CPU
		{CE572F19-BE5D-4335-8BD0-8BD692589627}.Debug|x64.ActiveCfg = Debug|Any CPU
		{CE572F19-BE5D-4335-8BD0-8BD692589627}.Debug|x64.Build.0 = Debug|Any CPU
		{CE572F19-BE5D-4335-8BD0-8BD692589627}.Debug|x86.ActiveCfg = Debug|Any CPU
		{CE572F19-BE5D-4335-8BD0-8BD692589627}.Debug|x86.Build.0 = Debug|Any CPU
		{CE572F19-BE5D-4335-8BD0-8BD692589627}.Release|Any CPU.ActiveCfg = Release|Any CPU
		{CE572F19-BE5D-4335-8BD0-8BD692589627}.Release|Any CPU.Build.0 = Release|Any CPU
		{CE572F19-BE5D-4335-8BD0-8BD692589627}.Release|x64.ActiveCfg = Release|Any CPU
		{CE572F19-BE5D-4335-8BD0-8BD692589627}.Release|x64.Build.0 = Release|Any CPU
		{CE572F19-BE5D-4335-8BD0-8BD692589627}.Release|x86.ActiveCfg = Release|Any CPU
		{CE572F19-BE5D-4335-8BD0-8BD692589627}.Release|x86.Build.0 = Release|Any CPU
		{54FC662A-5656-4194-A6FC-79D70C7948BC}.Debug|Any CPU.ActiveCfg = Debug|Any CPU
		{54FC662A-5656-4194-A6FC-79D70C7948BC}.Debug|Any CPU.Build.0 = Debug|Any CPU
		{54FC662A-5656-4194-A6FC-79D70C7948BC}.Debug|x64.ActiveCfg = Debug|Any CPU
		{54FC662A-5656-4194-A6FC-79D70C7948BC}.Debug|x64.Build.0 = Debug|Any CPU
		{54FC662A-5656-4194-A6FC-79D70C7948BC}.Debug|x86.ActiveCfg = Debug|Any CPU
		{54FC662A-5656-4194-A6FC-79D70C7948BC}.Debug|x86.Build.0 = Debug|Any CPU
		{54FC662A-5656-4194-A6FC-79D70C7948BC}.Release|Any CPU.ActiveCfg = Release|Any CPU
		{54FC662A-5656-4194-A6FC-79D70C7948BC}.Release|Any CPU.Build.0 = Release|Any CPU
		{54FC662A-5656-4194-A6FC-79D70C7948BC}.Release|x64.ActiveCfg = Release|Any CPU
		{54FC662A-5656-4194-A6FC-79D70C7948BC}.Release|x64.Build.0 = Release|Any CPU
		{54FC662A-5656-4194-A6FC-79D70C7948BC}.Release|x86.ActiveCfg = Release|Any CPU
		{54FC662A-5656-4194-A6FC-79D70C7948BC}.Release|x86.Build.0 = Release|Any CPU
	EndGlobalSection
	GlobalSection(SolutionProperties) = preSolution
		HideSolutionNode = FALSE
	EndGlobalSection
	GlobalSection(NestedProjects) = preSolution
		{7939CF4E-0AB4-F013-DBA7-29D2C66BE730} = {02EA681E-C7D8-13C7-8484-4AC65E1B71E8}
		{D95A20E7-5B25-127B-3143-2554D70C4A23} = {02EA681E-C7D8-13C7-8484-4AC65E1B71E8}
		{014397CC-4E6E-61AF-5CB9-A497EC692605} = {02EA681E-C7D8-13C7-8484-4AC65E1B71E8}
		{23BFC291-5927-97FF-178F-27D7A6931973} = {02EA681E-C7D8-13C7-8484-4AC65E1B71E8}
		{B2C3D4E5-1111-2222-3333-444455556666} = {A1B2C3D4-1111-2222-3333-444455556666}
		{C3D4E5F6-1111-2222-3333-444455556666} = {B2C3D4E5-1111-2222-3333-444455556666}
		{D4E5F6A7-1111-2222-3333-444455556666} = {B2C3D4E5-1111-2222-3333-444455556666}
		{E5F6A7B8-1111-2222-3333-444455556666} = {B2C3D4E5-1111-2222-3333-444455556666}
		{F6A7B8C9-1111-2222-3333-444455556666} = {B2C3D4E5-1111-2222-3333-444455556666}
		{A7B8C9D0-1111-2222-3333-444455556666} = {B2C3D4E5-1111-2222-3333-444455556666}
		{B8C9D0E1-1111-2222-3333-444455556666} = {C3D4E5F6-1111-2222-3333-444455556666}
		{787C0B99-1338-026F-1A8E-40CD444449AB} = {A1B2C3D4-1111-2222-3333-444455556666}
		{56BF4FD4-F0E3-4741-B6F4-32D53B0EF765} = {787C0B99-1338-026F-1A8E-40CD444449AB}
		{2B3CAED2-49E0-4EB4-99B7-81064F7C1A32} = {787C0B99-1338-026F-1A8E-40CD444449AB}
		{D42E1246-67FC-4FB2-ACB9-6DAAA7804D89} = {787C0B99-1338-026F-1A8E-40CD444449AB}
		{B66521D3-FE15-4CE0-8D3C-0DEF5FD9393B} = {787C0B99-1338-026F-1A8E-40CD444449AB}
		{87E48AB5-ED31-050A-F204-C0B45A8C615C} = {787C0B99-1338-026F-1A8E-40CD444449AB}
		{D407C508-B334-4C09-B0EE-0A069BB7A50C} = {87E48AB5-ED31-050A-F204-C0B45A8C615C}
		{0802D37B-AC91-4FC3-BD81-9C736C139CDE} = {A1B2C3D4-1111-2222-3333-444455556666}
		{826BB8CF-E7B3-4FB8-82ED-E4A1F4DB050D} = {0802D37B-AC91-4FC3-BD81-9C736C139CDE}
		{8545FDD7-B3B6-4CD7-86A3-4DCDF9D0C823} = {0802D37B-AC91-4FC3-BD81-9C736C139CDE}
		{66CB45C9-015B-4F59-8053-D7A5F5CE0830} = {0802D37B-AC91-4FC3-BD81-9C736C139CDE}
		{CE572F19-BE5D-4335-8BD0-8BD692589627} = {0802D37B-AC91-4FC3-BD81-9C736C139CDE}
		{CFC019E4-63B6-4E4A-B45E-3B42BCC7179E} = {0802D37B-AC91-4FC3-BD81-9C736C139CDE}
		{54FC662A-5656-4194-A6FC-79D70C7948BC} = {CFC019E4-63B6-4E4A-B45E-3B42BCC7179E}
	EndGlobalSection
	GlobalSection(ExtensibilityGlobals) = postSolution
		SolutionGuid = {5626F089-D654-4BB6-A377-2D5034575592}
	EndGlobalSection
EndGlobal
